// !$*UTF8*$!
{
	archiveVersion = 1;
	classes = {
	};
	objectVersion = 46;
	objects = {

/* Begin PBXBuildFile section */
		ECA414C51CA21B680056C436 /* main.m in Sources */ = {isa = PBXBuildFile; fileRef = ECA414C41CA21B680056C436 /* main.m */; };
		ECA414C81CA21B680056C436 /* AppDelegate.m in Sources */ = {isa = PBXBuildFile; fileRef = ECA414C71CA21B680056C436 /* AppDelegate.m */; };
		ECA414CB1CA21B680056C436 /* ViewController.m in Sources */ = {isa = PBXBuildFile; fileRef = ECA414CA1CA21B680056C436 /* ViewController.m */; };
		ECA414CE1CA21B680056C436 /* Main.storyboard in Resources */ = {isa = PBXBuildFile; fileRef = ECA414CC1CA21B680056C436 /* Main.storyboard */; };
		ECA414D01CA21B680056C436 /* Assets.xcassets in Resources */ = {isa = PBXBuildFile; fileRef = ECA414CF1CA21B680056C436 /* Assets.xcassets */; };
		ECA414D31CA21B680056C436 /* LaunchScreen.storyboard in Resources */ = {isa = PBXBuildFile; fileRef = ECA414D11CA21B680056C436 /* LaunchScreen.storyboard */; };
		ECA414DE1CA21B680056C436 /* CustomCollectionViewTests.m in Sources */ = {isa = PBXBuildFile; fileRef = ECA414DD1CA21B680056C436 /* CustomCollectionViewTests.m */; };
		ECA414E91CA21B680056C436 /* CustomCollectionViewUITests.m in Sources */ = {isa = PBXBuildFile; fileRef = ECA414E81CA21B680056C436 /* CustomCollectionViewUITests.m */; };
		ECA414FA1CA21B840056C436 /* CollectionViewController.m in Sources */ = {isa = PBXBuildFile; fileRef = ECA414F71CA21B840056C436 /* CollectionViewController.m */; };
		ECA414FB1CA21B840056C436 /* YFCollectionViewLayout.m in Sources */ = {isa = PBXBuildFile; fileRef = ECA414F91CA21B840056C436 /* YFCollectionViewLayout.m */; };
		ECA4150E1CA246940056C436 /* GridrLayout.m in Sources */ = {isa = PBXBuildFile; fileRef = ECA4150D1CA246940056C436 /* GridrLayout.m */; };
/* End PBXBuildFile section */

/* Begin PBXContainerItemProxy section */
		ECA414DA1CA21B680056C436 /* PBXContainerItemProxy */ = {
			isa = PBXContainerItemProxy;
			containerPortal = ECA414B81CA21B680056C436 /* Project object */;
			proxyType = 1;
			remoteGlobalIDString = ECA414BF1CA21B680056C436;
			remoteInfo = CustomCollectionView;
		};
		ECA414E51CA21B680056C436 /* PBXContainerItemProxy */ = {
			isa = PBXContainerItemProxy;
			containerPortal = ECA414B81CA21B680056C436 /* Project object */;
			proxyType = 1;
			remoteGlobalIDString = ECA414BF1CA21B680056C436;
			remoteInfo = CustomCollectionView;
		};
/* End PBXContainerItemProxy section */

/* Begin PBXFileReference section */
		ECA414C01CA21B680056C436 /* CustomCollectionView.app */ = {isa = PBXFileReference; explicitFileType = wrapper.application; includeInIndex = 0; path = CustomCollectionView.app; sourceTree = BUILT_PRODUCTS_DIR; };
		ECA414C41CA21B680056C436 /* main.m */ = {isa = PBXFileReference; lastKnownFileType = sourcecode.c.objc; path = main.m; sourceTree = "<group>"; };
		ECA414C61CA21B680056C436 /* AppDelegate.h */ = {isa = PBXFileReference; lastKnownFileType = sourcecode.c.h; path = AppDelegate.h; sourceTree = "<group>"; };
		ECA414C71CA21B680056C436 /* AppDelegate.m */ = {isa = PBXFileReference; lastKnownFileType = sourcecode.c.objc; path = AppDelegate.m; sourceTree = "<group>"; };
		ECA414C91CA21B680056C436 /* ViewController.h */ = {isa = PBXFileReference; lastKnownFileType = sourcecode.c.h; path = ViewController.h; sourceTree = "<group>"; };
		ECA414CA1CA21B680056C436 /* ViewController.m */ = {isa = PBXFileReference; lastKnownFileType = sourcecode.c.objc; path = ViewController.m; sourceTree = "<group>"; };
		ECA414CD1CA21B680056C436 /* Base */ = {isa = PBXFileReference; lastKnownFileType = file.storyboard; name = Base; path = Base.lproj/Main.storyboard; sourceTree = "<group>"; };
		ECA414CF1CA21B680056C436 /* Assets.xcassets */ = {isa = PBXFileReference; lastKnownFileType = folder.assetcatalog; path = Assets.xcassets; sourceTree = "<group>"; };
		ECA414D21CA21B680056C436 /* Base */ = {isa = PBXFileReference; lastKnownFileType = file.storyboard; name = Base; path = Base.lproj/LaunchScreen.storyboard; sourceTree = "<group>"; };
		ECA414D41CA21B680056C436 /* Info.plist */ = {isa = PBXFileReference; lastKnownFileType = text.plist.xml; path = Info.plist; sourceTree = "<group>"; };
		ECA414D91CA21B680056C436 /* CustomCollectionViewTests.xctest */ = {isa = PBXFileReference; explicitFileType = wrapper.cfbundle; includeInIndex = 0; path = CustomCollectionViewTests.xctest; sourceTree = BUILT_PRODUCTS_DIR; };
		ECA414DD1CA21B680056C436 /* CustomCollectionViewTests.m */ = {isa = PBXFileReference; lastKnownFileType = sourcecode.c.objc; path = CustomCollectionViewTests.m; sourceTree = "<group>"; };
		ECA414DF1CA21B680056C436 /* Info.plist */ = {isa = PBXFileReference; lastKnownFileType = text.plist.xml; path = Info.plist; sourceTree = "<group>"; };
		ECA414E41CA21B680056C436 /* CustomCollectionViewUITests.xctest */ = {isa = PBXFileReference; explicitFileType = wrapper.cfbundle; includeInIndex = 0; path = CustomCollectionViewUITests.xctest; sourceTree = BUILT_PRODUCTS_DIR; };
		ECA414E81CA21B680056C436 /* CustomCollectionViewUITests.m */ = {isa = PBXFileReference; lastKnownFileType = sourcecode.c.objc; path = CustomCollectionViewUITests.m; sourceTree = "<group>"; };
		ECA414EA1CA21B680056C436 /* Info.plist */ = {isa = PBXFileReference; lastKnownFileType = text.plist.xml; path = Info.plist; sourceTree = "<group>"; };
		ECA414F61CA21B840056C436 /* CollectionViewController.h */ = {isa = PBXFileReference; fileEncoding = 4; lastKnownFileType = sourcecode.c.h; path = CollectionViewController.h; sourceTree = "<group>"; };
		ECA414F71CA21B840056C436 /* CollectionViewController.m */ = {isa = PBXFileReference; fileEncoding = 4; lastKnownFileType = sourcecode.c.objc; path = CollectionViewController.m; sourceTree = "<group>"; };
		ECA414F81CA21B840056C436 /* YFCollectionViewLayout.h */ = {isa = PBXFileReference; fileEncoding = 4; lastKnownFileType = sourcecode.c.h; path = YFCollectionViewLayout.h; sourceTree = "<group>"; };
		ECA414F91CA21B840056C436 /* YFCollectionViewLayout.m */ = {isa = PBXFileReference; fileEncoding = 4; lastKnownFileType = sourcecode.c.objc; path = YFCollectionViewLayout.m; sourceTree = "<group>"; };
		ECA4150C1CA246940056C436 /* GridrLayout.h */ = {isa = PBXFileReference; fileEncoding = 4; lastKnownFileType = sourcecode.c.h; path = GridrLayout.h; sourceTree = "<group>"; };
		ECA4150D1CA246940056C436 /* GridrLayout.m */ = {isa = PBXFileReference; fileEncoding = 4; lastKnownFileType = sourcecode.c.objc; path = GridrLayout.m; sourceTree = "<group>"; };
/* End PBXFileReference section */

/* Begin PBXFrameworksBuildPhase section */
		ECA414BD1CA21B680056C436 /* Frameworks */ = {
			isa = PBXFrameworksBuildPhase;
			buildActionMask = 2147483647;
			files = (
			);
			runOnlyForDeploymentPostprocessing = 0;
		};
		ECA414D61CA21B680056C436 /* Frameworks */ = {
			isa = PBXFrameworksBuildPhase;
			buildActionMask = 2147483647;
			files = (
			);
			runOnlyForDeploymentPostprocessing = 0;
		};
		ECA414E11CA21B680056C436 /* Frameworks */ = {
			isa = PBXFrameworksBuildPhase;
			buildActionMask = 2147483647;
			files = (
			);
			runOnlyForDeploymentPostprocessing = 0;
		};
/* End PBXFrameworksBuildPhase section */

/* Begin PBXGroup section */
		ECA414B71CA21B680056C436 = {
			isa = PBXGroup;
			children = (
				ECA414C21CA21B680056C436 /* CustomCollectionView */,
				ECA414DC1CA21B680056C436 /* CustomCollectionViewTests */,
				ECA414E71CA21B680056C436 /* CustomCollectionViewUITests */,
				ECA414C11CA21B680056C436 /* Products */,
			);
			sourceTree = "<group>";
		};
		ECA414C11CA21B680056C436 /* Products */ = {
			isa = PBXGroup;
			children = (
				ECA414C01CA21B680056C436 /* CustomCollectionView.app */,
				ECA414D91CA21B680056C436 /* CustomCollectionViewTests.xctest */,
				ECA414E41CA21B680056C436 /* CustomCollectionViewUITests.xctest */,
			);
			name = Products;
			sourceTree = "<group>";
		};
		ECA414C21CA21B680056C436 /* CustomCollectionView */ = {
			isa = PBXGroup;
			children = (
				ECA414C61CA21B680056C436 /* AppDelegate.h */,
				ECA414C71CA21B680056C436 /* AppDelegate.m */,
				ECA414C91CA21B680056C436 /* ViewController.h */,
				ECA414CA1CA21B680056C436 /* ViewController.m */,
				ECA414F61CA21B840056C436 /* CollectionViewController.h */,
				ECA414F71CA21B840056C436 /* CollectionViewController.m */,
				ECA414F81CA21B840056C436 /* YFCollectionViewLayout.h */,
				ECA414F91CA21B840056C436 /* YFCollectionViewLayout.m */,
				ECA4150C1CA246940056C436 /* GridrLayout.h */,
				ECA4150D1CA246940056C436 /* GridrLayout.m */,
				ECA414CC1CA21B680056C436 /* Main.storyboard */,
				ECA414CF1CA21B680056C436 /* Assets.xcassets */,
				ECA414D11CA21B680056C436 /* LaunchScreen.storyboard */,
				ECA414D41CA21B680056C436 /* Info.plist */,
				ECA414C31CA21B680056C436 /* Supporting Files */,
			);
			path = CustomCollectionView;
			sourceTree = "<group>";
		};
		ECA414C31CA21B680056C436 /* Supporting Files */ = {
			isa = PBXGroup;
			children = (
				ECA414C41CA21B680056C436 /* main.m */,
			);
			name = "Supporting Files";
			sourceTree = "<group>";
		};
		ECA414DC1CA21B680056C436 /* CustomCollectionViewTests */ = {
			isa = PBXGroup;
			children = (
				ECA414DD1CA21B680056C436 /* CustomCollectionViewTests.m */,
				ECA414DF1CA21B680056C436 /* Info.plist */,
			);
			path = CustomCollectionViewTests;
			sourceTree = "<group>";
		};
		ECA414E71CA21B680056C436 /* CustomCollectionViewUITests */ = {
			isa = PBXGroup;
			children = (
				ECA414E81CA21B680056C436 /* CustomCollectionViewUITests.m */,
				ECA414EA1CA21B680056C436 /* Info.plist */,
			);
			path = CustomCollectionViewUITests;
			sourceTree = "<group>";
		};
/* End PBXGroup section */

/* Begin PBXNativeTarget section */
		ECA414BF1CA21B680056C436 /* CustomCollectionView */ = {
			isa = PBXNativeTarget;
			buildConfigurationList = ECA414ED1CA21B680056C436 /* Build configuration list for PBXNativeTarget "CustomCollectionView" */;
			buildPhases = (
				ECA414BC1CA21B680056C436 /* Sources */,
				ECA414BD1CA21B680056C436 /* Frameworks */,
				ECA414BE1CA21B680056C436 /* Resources */,
			);
			buildRules = (
			);
			dependencies = (
			);
			name = CustomCollectionView;
			productName = CustomCollectionView;
			productReference = ECA414C01CA21B680056C436 /* CustomCollectionView.app */;
			productType = "com.apple.product-type.application";
		};
		ECA414D81CA21B680056C436 /* CustomCollectionViewTests */ = {
			isa = PBXNativeTarget;
			buildConfigurationList = ECA414F01CA21B680056C436 /* Build configuration list for PBXNativeTarget "CustomCollectionViewTests" */;
			buildPhases = (
				ECA414D51CA21B680056C436 /* Sources */,
				ECA414D61CA21B680056C436 /* Frameworks */,
				ECA414D71CA21B680056C436 /* Resources */,
			);
			buildRules = (
			);
			dependencies = (
				ECA414DB1CA21B680056C436 /* PBXTargetDependency */,
			);
			name = CustomCollectionViewTests;
			productName = CustomCollectionViewTests;
			productReference = ECA414D91CA21B680056C436 /* CustomCollectionViewTests.xctest */;
			productType = "com.apple.product-type.bundle.unit-test";
		};
		ECA414E31CA21B680056C436 /* CustomCollectionViewUITests */ = {
			isa = PBXNativeTarget;
			buildConfigurationList = ECA414F31CA21B680056C436 /* Build configuration list for PBXNativeTarget "CustomCollectionViewUITests" */;
			buildPhases = (
				ECA414E01CA21B680056C436 /* Sources */,
				ECA414E11CA21B680056C436 /* Frameworks */,
				ECA414E21CA21B680056C436 /* Resources */,
			);
			buildRules = (
			);
			dependencies = (
				ECA414E61CA21B680056C436 /* PBXTargetDependency */,
			);
			name = CustomCollectionViewUITests;
			productName = CustomCollectionViewUITests;
			productReference = ECA414E41CA21B680056C436 /* CustomCollectionViewUITests.xctest */;
			productType = "com.apple.product-type.bundle.ui-testing";
		};
/* End PBXNativeTarget section */

/* Begin PBXProject section */
		ECA414B81CA21B680056C436 /* Project object */ = {
			isa = PBXProject;
			attributes = {
				LastUpgradeCheck = 0710;
				ORGANIZATIONNAME = xintong;
				TargetAttributes = {
					ECA414BF1CA21B680056C436 = {
						CreatedOnToolsVersion = 7.1;
						DevelopmentTeam = KZ2AE2A82P;
					};
					ECA414D81CA21B680056C436 = {
						CreatedOnToolsVersion = 7.1;
						TestTargetID = ECA414BF1CA21B680056C436;
					};
					ECA414E31CA21B680056C436 = {
						CreatedOnToolsVersion = 7.1;
						TestTargetID = ECA414BF1CA21B680056C436;
					};
				};
			};
			buildConfigurationList = ECA414BB1CA21B680056C436 /* Build configuration list for PBXProject "CustomCollectionView" */;
			compatibilityVersion = "Xcode 3.2";
			developmentRegion = English;
			hasScannedForEncodings = 0;
			knownRegions = (
				en,
				Base,
			);
			mainGroup = ECA414B71CA21B680056C436;
			productRefGroup = ECA414C11CA21B680056C436 /* Products */;
			projectDirPath = "";
			projectRoot = "";
			targets = (
				ECA414BF1CA21B680056C436 /* CustomCollectionView */,
				ECA414D81CA21B680056C436 /* CustomCollectionViewTests */,
				ECA414E31CA21B680056C436 /* CustomCollectionViewUITests */,
			);
		};
/* End PBXProject section */

/* Begin PBXResourcesBuildPhase section */
		ECA414BE1CA21B680056C436 /* Resources */ = {
			isa = PBXResourcesBuildPhase;
			buildActionMask = 2147483647;
			files = (
				ECA414D31CA21B680056C436 /* LaunchScreen.storyboard in Resources */,
				ECA414D01CA21B680056C436 /* Assets.xcassets in Resources */,
				ECA414CE1CA21B680056C436 /* Main.storyboard in Resources */,
			);
			runOnlyForDeploymentPostprocessing = 0;
		};
		ECA414D71CA21B680056C436 /* Resources */ = {
			isa = PBXResourcesBuildPhase;
			buildActionMask = 2147483647;
			files = (
			);
			runOnlyForDeploymentPostprocessing = 0;
		};
		ECA414E21CA21B680056C436 /* Resources */ = {
			isa = PBXResourcesBuildPhase;
			buildActionMask = 2147483647;
			files = (
			);
			runOnlyForDeploymentPostprocessing = 0;
		};
/* End PBXResourcesBuildPhase section */

/* Begin PBXSourcesBuildPhase section */
		ECA414BC1CA21B680056C436 /* Sources */ = {
			isa = PBXSourcesBuildPhase;
			buildActionMask = 2147483647;
			files = (
				ECA414FB1CA21B840056C436 /* YFCollectionViewLayout.m in Sources */,
				ECA414FA1CA21B840056C436 /* CollectionViewController.m in Sources */,
				ECA4150E1CA246940056C436 /* GridrLayout.m in Sources */,
				ECA414CB1CA21B680056C436 /* ViewController.m in Sources */,
				ECA414C81CA21B680056C436 /* AppDelegate.m in Sources */,
				ECA414C51CA21B680056C436 /* main.m in Sources */,
			);
			runOnlyForDeploymentPostprocessing = 0;
		};
		ECA414D51CA21B680056C436 /* Sources */ = {
			isa = PBXSourcesBuildPhase;
			buildActionMask = 2147483647;
			files = (
				ECA414DE1CA21B680056C436 /* CustomCollectionViewTests.m in Sources */,
			);
			runOnlyForDeploymentPostprocessing = 0;
		};
		ECA414E01CA21B680056C436 /* Sources */ = {
			isa = PBXSourcesBuildPhase;
			buildActionMask = 2147483647;
			files = (
				ECA414E91CA21B680056C436 /* CustomCollectionViewUITests.m in Sources */,
			);
			runOnlyForDeploymentPostprocessing = 0;
		};
/* End PBXSourcesBuildPhase section */

/* Begin PBXTargetDependency section */
		ECA414DB1CA21B680056C436 /* PBXTargetDependency */ = {
			isa = PBXTargetDependency;
			target = ECA414BF1CA21B680056C436 /* CustomCollectionView */;
			targetProxy = ECA414DA1CA21B680056C436 /* PBXContainerItemProxy */;
		};
		ECA414E61CA21B680056C436 /* PBXTargetDependency */ = {
			isa = PBXTargetDependency;
			target = ECA414BF1CA21B680056C436 /* CustomCollectionView */;
			targetProxy = ECA414E51CA21B680056C436 /* PBXContainerItemProxy */;
		};
/* End PBXTargetDependency section */

/* Begin PBXVariantGroup section */
		ECA414CC1CA21B680056C436 /* Main.storyboard */ = {
			isa = PBXVariantGroup;
			children = (
				ECA414CD1CA21B680056C436 /* Base */,
			);
			name = Main.storyboard;
			sourceTree = "<group>";
		};
		ECA414D11CA21B680056C436 /* LaunchScreen.storyboard */ = {
			isa = PBXVariantGroup;
			children = (
				ECA414D21CA21B680056C436 /* Base */,
			);
			name = LaunchScreen.storyboard;
			sourceTree = "<group>";
		};
/* End PBXVariantGroup section */

/* Begin XCBuildConfiguration section */
		ECA414EB1CA21B680056C436 /* Debug */ = {
			isa = XCBuildConfiguration;
			buildSettings = {
				ALWAYS_SEARCH_USER_PATHS = NO;
				CLANG_CXX_LANGUAGE_STANDARD = "gnu++0x";
				CLANG_CXX_LIBRARY = "libc++";
				CLANG_ENABLE_MODULES = YES;
				CLANG_ENABLE_OBJC_ARC = YES;
				CLANG_WARN_BOOL_CONVERSION = YES;
				CLANG_WARN_CONSTANT_CONVERSION = YES;
				CLANG_WARN_DIRECT_OBJC_ISA_USAGE = YES_ERROR;
				CLANG_WARN_EMPTY_BODY = YES;
				CLANG_WARN_ENUM_CONVERSION = YES;
				CLANG_WARN_INT_CONVERSION = YES;
				CLANG_WARN_OBJC_ROOT_CLASS = YES_ERROR;
				CLANG_WARN_UNREACHABLE_CODE = YES;
				CLANG_WARN__DUPLICATE_METHOD_MATCH = YES;
				"CODE_SIGN_IDENTITY[sdk=iphoneos*]" = "iPhone Developer";
				COPY_PHASE_STRIP = NO;
				DEBUG_INFORMATION_FORMAT = dwarf;
				ENABLE_STRICT_OBJC_MSGSEND = YES;
				ENABLE_TESTABILITY = YES;
				GCC_C_LANGUAGE_STANDARD = gnu99;
				GCC_DYNAMIC_NO_PIC = NO;
				GCC_NO_COMMON_BLOCKS = YES;
				GCC_OPTIMIZATION_LEVEL = 0;
				GCC_PREPROCESSOR_DEFINITIONS = (
					"DEBUG=1",
					"$(inherited)",
				);
				GCC_WARN_64_TO_32_BIT_CONVERSION = YES;
				GCC_WARN_ABOUT_RETURN_TYPE = YES_ERROR;
				GCC_WARN_UNDECLARED_SELECTOR = YES;
				GCC_WARN_UNINITIALIZED_AUTOS = YES_AGGRESSIVE;
				GCC_WARN_UNUSED_FUNCTION = YES;
				GCC_WARN_UNUSED_VARIABLE = YES;
				IPHONEOS_DEPLOYMENT_TARGET = 9.1;
				MTL_ENABLE_DEBUG_INFO = YES;
				ONLY_ACTIVE_ARCH = YES;
				SDKROOT = iphoneos;
				TARGETED_DEVICE_FAMILY = "1,2";
			};
			name = Debug;
		};
		ECA414EC1CA21B680056C436 /* Release */ = {
			isa = XCBuildConfiguration;
			buildSettings = {
				ALWAYS_SEARCH_USER_PATHS = NO;
				CLANG_CXX_LANGUAGE_STANDARD = "gnu++0x";
				CLANG_CXX_LIBRARY = "libc++";
				CLANG_ENABLE_MODULES = YES;
				CLANG_ENABLE_OBJC_ARC = YES;
				CLANG_WARN_BOOL_CONVERSION = YES;
				CLANG_WARN_CONSTANT_CONVERSION = YES;
				CLANG_WARN_DIRECT_OBJC_ISA_USAGE = YES_ERROR;
				CLANG_WARN_EMPTY_BODY = YES;
				CLANG_WARN_ENUM_CONVERSION = YES;
				CLANG_WARN_INT_CONVERSION = YES;
				CLANG_WARN_OBJC_ROOT_CLASS = YES_ERROR;
				CLANG_WARN_UNREACHABLE_CODE = YES;
				CLANG_WARN__DUPLICATE_METHOD_MATCH = YES;
				"CODE_SIGN_IDENTITY[sdk=iphoneos*]" = "iPhone Developer";
				COPY_PHASE_STRIP = NO;
				DEBUG_INFORMATION_FORMAT = "dwarf-with-dsym";
				ENABLE_NS_ASSERTIONS = NO;
				ENABLE_STRICT_OBJC_MSGSEND = YES;
				GCC_C_LANGUAGE_STANDARD = gnu99;
				GCC_NO_COMMON_BLOCKS = YES;
				GCC_WARN_64_TO_32_BIT_CONVERSION = YES;
				GCC_WARN_ABOUT_RETURN_TYPE = YES_ERROR;
				GCC_WARN_UNDECLARED_SELECTOR = YES;
				GCC_WARN_UNINITIALIZED_AUTOS = YES_AGGRESSIVE;
				GCC_WARN_UNUSED_FUNCTION = YES;
				GCC_WARN_UNUSED_VARIABLE = YES;
				IPHONEOS_DEPLOYMENT_TARGET = 9.1;
				MTL_ENABLE_DEBUG_INFO = NO;
				SDKROOT = iphoneos;
				TARGETED_DEVICE_FAMILY = "1,2";
				VALIDATE_PRODUCT = YES;
			};
			name = Release;
		};
		ECA414EE1CA21B680056C436 /* Debug */ = {
			isa = XCBuildConfiguration;
			buildSettings = {
				ASSETCATALOG_COMPILER_APPICON_NAME = AppIcon;
				CODE_SIGN_IDENTITY = "iPhone Developer";
				INFOPLIST_FILE = CustomCollectionView/Info.plist;
				LD_RUNPATH_SEARCH_PATHS = "$(inherited) @executable_path/Frameworks";
				PRODUCT_BUNDLE_IDENTIFIER = com.xintong.CustomCollectionView;
				PRODUCT_NAME = "$(TARGET_NAME)";
			};
			name = Debug;
		};
		ECA414EF1CA21B680056C436 /* Release */ = {
			isa = XCBuildConfiguration;
			buildSettings = {
				ASSETCATALOG_COMPILER_APPICON_NAME = AppIcon;
				CODE_SIGN_IDENTITY = "iPhone Developer";
				INFOPLIST_FILE = CustomCollectionView/Info.plist;
				LD_RUNPATH_SEARCH_PATHS = "$(inherited) @executable_path/Frameworks";
				PRODUCT_BUNDLE_IDENTIFIER = com.xintong.CustomCollectionView;
				PRODUCT_NAME = "$(TARGET_NAME)";
			};
			name = Release;
		};
		ECA414F11CA21B680056C436 /* Debug */ = {
			isa = XCBuildConfiguration;
			buildSettings = {
				BUNDLE_LOADER = "$(TEST_HOST)";
				INFOPLIST_FILE = CustomCollectionViewTests/Info.plist;
				LD_RUNPATH_SEARCH_PATHS = "$(inherited) @executable_path/Frameworks @loader_path/Frameworks";
				PRODUCT_BUNDLE_IDENTIFIER = com.xintong.CustomCollectionViewTests;
				PRODUCT_NAME = "$(TARGET_NAME)";
				TEST_HOST = "$(BUILT_PRODUCTS_DIR)/CustomCollectionView.app/CustomCollectionView";
			};
			name = Debug;
		};
		ECA414F21CA21B680056C436 /* Release */ = {
			isa = XCBuildConfiguration;
			buildSettings = {
				BUNDLE_LOADER = "$(TEST_HOST)";
				INFOPLIST_FILE = CustomCollectionViewTests/Info.plist;
				LD_RUNPATH_SEARCH_PATHS = "$(inherited) @executable_path/Frameworks @loader_path/Frameworks";
				PRODUCT_BUNDLE_IDENTIFIER = com.xintong.CustomCollectionViewTests;
				PRODUCT_NAME = "$(TARGET_NAME)";
				TEST_HOST = "$(BUILT_PRODUCTS_DIR)/CustomCollectionView.app/CustomCollectionView";
			};
			name = Release;
		};
		ECA414F41CA21B680056C436 /* Debug */ = {
			isa = XCBuildConfiguration;
			buildSettings = {
				INFOPLIST_FILE = CustomCollectionViewUITests/Info.plist;
				LD_RUNPATH_SEARCH_PATHS = "$(inherited) @executable_path/Frameworks @loader_path/Frameworks";
				PRODUCT_BUNDLE_IDENTIFIER = com.xintong.CustomCollectionViewUITests;
				PRODUCT_NAME = "$(TARGET_NAME)";
				TEST_TARGET_NAME = CustomCollectionView;
				USES_XCTRUNNER = YES;
			};
			name = Debug;
		};
		ECA414F51CA21B680056C436 /* Release */ = {
			isa = XCBuildConfiguration;
			buildSettings = {
				INFOPLIST_FILE = CustomCollectionViewUITests/Info.plist;
				LD_RUNPATH_SEARCH_PATHS = "$(inherited) @executable_path/Frameworks @loader_path/Frameworks";
				PRODUCT_BUNDLE_IDENTIFIER = com.xintong.CustomCollectionViewUITests;
				PRODUCT_NAME = "$(TARGET_NAME)";
				TEST_TARGET_NAME = CustomCollectionView;
				USES_XCTRUNNER = YES;
			};
			name = Release;
		};
/* End XCBuildConfiguration section */

/* Begin XCConfigurationList section */
		ECA414BB1CA21B680056C436 /* Build configuration list for PBXProject "CustomCollectionView" */ = {
			isa = XCConfigurationList;
			buildConfigurations = (
				ECA414EB1CA21B680056C436 /* Debug */,
				ECA414EC1CA21B680056C436 /* Release */,
			);
			defaultConfigurationIsVisible = 0;
			defaultConfigurationName = Release;
		};
		ECA414ED1CA21B680056C436 /* Build configuration list for PBXNativeTarget "CustomCollectionView" */ = {
			isa = XCConfigurationList;
			buildConfigurations = (
				ECA414EE1CA21B680056C436 /* Debug */,
				ECA414EF1CA21B680056C436 /* Release */,
			);
			defaultConfigurationIsVisible = 0;
			defaultConfigurationName = Release;
		};
		ECA414F01CA21B680056C436 /* Build configuration list for PBXNativeTarget "CustomCollectionViewTests" */ = {
			isa = XCConfigurationList;
			buildConfigurations = (
				ECA414F11CA21B680056C436 /* Debug */,
				ECA414F21CA21B680056C436 /* Release */,
			);
			defaultConfigurationIsVisible = 0;
			defaultConfigurationName = Release;
		};
		ECA414F31CA21B680056C436 /* Build configuration list for PBXNativeTarget "CustomCollectionViewUITests" */ = {
			isa = XCConfigurationList;
			buildConfigurations = (
				ECA414F41CA21B680056C436 /* Debug */,
				ECA414F51CA21B680056C436 /* Release */,
			);
			defaultConfigurationIsVisible = 0;
			defaultConfigurationName = Release;
		};
/* End XCConfigurationList section */
	};
	rootObject = ECA414B81CA21B680056C436 /* Project object */;
}
